
Microsoft Visual Studio Solution File, Format Version 12.00
# Visual Studio 14
VisualStudioVersion = 14.0.25420.1
MinimumVisualStudioVersion = 10.0.40219.1
Project("{FAE04EC0-301F-11D3-BF4B-00C04F79EFBC}") = "Bai1", "Bai1\Bai1.csproj", "{EA153D94-3A8C-4DCB-97F4-C0ACA4463EC2}"
EndProject
Project("{FAE04EC0-301F-11D3-BF4B-00C04F79EFBC}") = "Bai2", "Bai2\Bai2.csproj", "{56AAC879-0F42-43E3-B985-13684F5C12A1}"
EndProject
Global
	GlobalSection(SolutionConfigurationPlatforms) = preSolution
		Debug|Any CPU = Debug|Any CPU
		Release|Any CPU = Release|Any CPU
	EndGlobalSection
	GlobalSection(ProjectConfigurationPlatforms) = postSolution
		{EA153D94-3A8C-4DCB-97F4-C0ACA4463EC2}.Debug|Any CPU.ActiveCfg = Debug|Any CPU
		{EA153D94-3A8C-4DCB-97F4-C0ACA4463EC2}.Debug|Any CPU.Build.0 = Debug|Any CPU
		{EA153D94-3A8C-4DCB-97F4-C0ACA4463EC2}.Release|Any CPU.ActiveCfg = Release|Any CPU
		{EA153D94-3A8C-4DCB-97F4-C0ACA4463EC2}.Release|Any CPU.Build.0 = Release|Any CPU
		{56AAC879-0F42-43E3-B985-13684F5C12A1}.Debug|Any CPU.ActiveCfg = Debug|Any CPU
		{56AAC879-0F42-43E3-B985-13684F5C12A1}.Debug|Any CPU.Build.0 = Debug|Any CPU
		{56AAC879-0F42-43E3-B985-13684F5C12A1}.Release|Any CPU.ActiveCfg = Release|Any CPU
		{56AAC879-0F42-43E3-B985-13684F5C12A1}.Release|Any CPU.Build.0 = Release|Any CPU
	EndGlobalSection
	GlobalSection(SolutionProperties) = preSolution
		HideSolutionNode = FALSE
	EndGlobalSection
EndGlobal
